
Microsoft Visual Studio Solution File, Format Version 12.00
# Visual Studio Version 16
VisualStudioVersion = 16.0.29926.136
MinimumVisualStudioVersion = 10.0.40219.1
Project("{FAE04EC0-301F-11D3-BF4B-00C04F79EFBC}") = "API Shop", "API Shop.csproj", "{8C3743FB-98CE-4043-9A89-F0E9DED1B3CB}"
EndProject
Global
	GlobalSection(SolutionConfigurationPlatforms) = preSolution
		Debug|Any CPU = Debug|Any CPU
		Release|Any CPU = Release|Any CPU
	EndGlobalSection
	GlobalSection(ProjectConfigurationPlatforms) = postSolution
		{8C3743FB-98CE-4043-9A89-F0E9DED1B3CB}.Debug|Any CPU.ActiveCfg = Debug|Any CPU
		{8C3743FB-98CE-4043-9A89-F0E9DED1B3CB}.Debug|Any CPU.Build.0 = Debug|Any CPU
		{8C3743FB-98CE-4043-9A89-F0E9DED1B3CB}.Release|Any CPU.ActiveCfg = Release|Any CPU
		{8C3743FB-98CE-4043-9A89-F0E9DED1B3CB}.Release|Any CPU.Build.0 = Release|Any CPU
	EndGlobalSection
	GlobalSection(SolutionProperties) = preSolution
		HideSolutionNode = FALSE
	EndGlobalSection
	GlobalSection(ExtensibilityGlobals) = postSolution
		SolutionGuid = {C118A8F9-C466-46EB-978E-F8EA8FD447F6}
	EndGlobalSection
EndGlobal
